{
  "name": "calendrical-JS",
  "version": "1.0.0",
  "lockfileVersion": 2,
  "requires": true,
  "packages": {
    "": {
      "version": "1.0.0",
      "license": "MIT",
      "dependencies": {
        "calendrical-JS": "file:docs\\calendrical-JS-1.0.0.tgz"
      }
    },
    "node_modules/calendrical-JS": {
      "version": "1.0.0",
      "resolved": "file:docs/calendrical-JS-1.0.0.tgz",
      "integrity": "sha512-nOIKV2MD5a+G+la6lTftgn4Fc2eGw32nLaY5t+//YZFdiUFpHW6ufXzeWOYg+jauPvX+548HNaZwX9ryjNg+yg==",
      "license": "MIT"
    }
  },
  "dependencies": {
    "calendrical-JS": {
      "version": "file:docs\\calendrical-JS-1.0.0.tgz",
      "integrity": "sha512-nOIKV2MD5a+G+la6lTftgn4Fc2eGw32nLaY5t+//YZFdiUFpHW6ufXzeWOYg+jauPvX+548HNaZwX9ryjNg+yg=="
    }
  }
}
