{
  "name": "calendrical-JS",
  "version": "1.0.0",
  "lockfileVersion": 2,
  "requires": true,
  "packages": {
    "": {
      "version": "1.0.0",
      "license": "MIT",
      "dependencies": {
        "calendrical-JS": "github:Louis-Aime/calendrical-JS"
      }
    },
    "node_modules/calendrical-JS": {
      "version": "1.0.0",
      "resolved": "git+ssh://git@github.com/Louis-Aime/calendrical-JS.git#dd51de0243279c7ce40a0bda0bc7db313e7ded89",
      "license": "MIT"
    }
  },
  "dependencies": {
    "calendrical-JS": {
      "version": "git+ssh://git@github.com/Louis-Aime/calendrical-JS.git#dd51de0243279c7ce40a0bda0bc7db313e7ded89",
      "from": "calendrical-JS@github:Louis-Aime/calendrical-JS"
    }
  }
}
